
Microsoft Visual Studio Solution File, Format Version 12.00
# Visual Studio Version 17
VisualStudioVersion = 17.0.32126.317
MinimumVisualStudioVersion = 10.0.40219.1
Project("{2150E333-8FDC-42A3-9474-1A3956D46DE8}") = "src", "src", "{9F4AF7B2-748D-4257-9AD5-6FCFA418DAB0}"
EndProject
Project("{2150E333-8FDC-42A3-9474-1A3956D46DE8}") = "tests", "tests", "{DEABD4F3-02CA-48F5-AC4D-EAD7D288487C}"
EndProject
Project("{9A19103F-16F7-4668-BE54-9A1E7A4F7556}") = "Tutor.Core", "src\Tutor.Core\Tutor.Core.csproj", "{2280775A-7DE7-48B8-AEE9-1BAD0324072D}"
EndProject
Project("{9A19103F-16F7-4668-BE54-9A1E7A4F7556}") = "Tutor.Infrastructure", "src\Tutor.Infrastructure\Tutor.Infrastructure.csproj", "{0143170D-A6C5-4720-BACF-1FA6C8AEC7CB}"
EndProject
Project("{9A19103F-16F7-4668-BE54-9A1E7A4F7556}") = "Tutor.Web", "src\Tutor.Web\Tutor.Web.csproj", "{2BBD321D-0F57-467A-9D1F-B983BB0A1C48}"
EndProject
Project("{9A19103F-16F7-4668-BE54-9A1E7A4F7556}") = "Tutor.Web.Tests", "tests\Tutor.Web.Tests\Tutor.Web.Tests.csproj", "{C0B1180C-0C40-42E3-89BF-8ACAB6129BE8}"
EndProject
Project("{9A19103F-16F7-4668-BE54-9A1E7A4F7556}") = "Tutor.Core.Tests", "tests\Tutor.Core.Tests\Tutor.Core.Tests.csproj", "{1FA5E855-7A5F-4AEF-A67F-FBF0E43C842A}"
EndProject
Project("{FAE04EC0-301F-11D3-BF4B-00C04F79EFBC}") = "Tutor.Infrastructure.Tests", "tests\Tutor.Infrastructure.Tests\Tutor.Infrastructure.Tests.csproj", "{696253CE-B3E3-4F67-8D41-ADD9C7760E71}"
EndProject
Global
	GlobalSection(SolutionConfigurationPlatforms) = preSolution
		Debug|Any CPU = Debug|Any CPU
		Release|Any CPU = Release|Any CPU
	EndGlobalSection
	GlobalSection(ProjectConfigurationPlatforms) = postSolution
		{2280775A-7DE7-48B8-AEE9-1BAD0324072D}.Debug|Any CPU.ActiveCfg = Debug|Any CPU
		{2280775A-7DE7-48B8-AEE9-1BAD0324072D}.Debug|Any CPU.Build.0 = Debug|Any CPU
		{2280775A-7DE7-48B8-AEE9-1BAD0324072D}.Release|Any CPU.ActiveCfg = Release|Any CPU
		{2280775A-7DE7-48B8-AEE9-1BAD0324072D}.Release|Any CPU.Build.0 = Release|Any CPU
		{0143170D-A6C5-4720-BACF-1FA6C8AEC7CB}.Debug|Any CPU.ActiveCfg = Debug|Any CPU
		{0143170D-A6C5-4720-BACF-1FA6C8AEC7CB}.Debug|Any CPU.Build.0 = Debug|Any CPU
		{0143170D-A6C5-4720-BACF-1FA6C8AEC7CB}.Release|Any CPU.ActiveCfg = Release|Any CPU
		{0143170D-A6C5-4720-BACF-1FA6C8AEC7CB}.Release|Any CPU.Build.0 = Release|Any CPU
		{2BBD321D-0F57-467A-9D1F-B983BB0A1C48}.Debug|Any CPU.ActiveCfg = Debug|Any CPU
		{2BBD321D-0F57-467A-9D1F-B983BB0A1C48}.Debug|Any CPU.Build.0 = Debug|Any CPU
		{2BBD321D-0F57-467A-9D1F-B983BB0A1C48}.Release|Any CPU.ActiveCfg = Release|Any CPU
		{2BBD321D-0F57-467A-9D1F-B983BB0A1C48}.Release|Any CPU.Build.0 = Release|Any CPU
		{C0B1180C-0C40-42E3-89BF-8ACAB6129BE8}.Debug|Any CPU.ActiveCfg = Debug|Any CPU
		{C0B1180C-0C40-42E3-89BF-8ACAB6129BE8}.Debug|Any CPU.Build.0 = Debug|Any CPU
		{C0B1180C-0C40-42E3-89BF-8ACAB6129BE8}.Release|Any CPU.ActiveCfg = Release|Any CPU
		{C0B1180C-0C40-42E3-89BF-8ACAB6129BE8}.Release|Any CPU.Build.0 = Release|Any CPU
		{1FA5E855-7A5F-4AEF-A67F-FBF0E43C842A}.Debug|Any CPU.ActiveCfg = Debug|Any CPU
		{1FA5E855-7A5F-4AEF-A67F-FBF0E43C842A}.Debug|Any CPU.Build.0 = Debug|Any CPU
		{1FA5E855-7A5F-4AEF-A67F-FBF0E43C842A}.Release|Any CPU.ActiveCfg = Release|Any CPU
		{1FA5E855-7A5F-4AEF-A67F-FBF0E43C842A}.Release|Any CPU.Build.0 = Release|Any CPU
		{696253CE-B3E3-4F67-8D41-ADD9C7760E71}.Debug|Any CPU.ActiveCfg = Debug|Any CPU
		{696253CE-B3E3-4F67-8D41-ADD9C7760E71}.Debug|Any CPU.Build.0 = Debug|Any CPU
		{696253CE-B3E3-4F67-8D41-ADD9C7760E71}.Release|Any CPU.ActiveCfg = Release|Any CPU
		{696253CE-B3E3-4F67-8D41-ADD9C7760E71}.Release|Any CPU.Build.0 = Release|Any CPU
	EndGlobalSection
	GlobalSection(SolutionProperties) = preSolution
		HideSolutionNode = FALSE
	EndGlobalSection
	GlobalSection(NestedProjects) = preSolution
		{2280775A-7DE7-48B8-AEE9-1BAD0324072D} = {9F4AF7B2-748D-4257-9AD5-6FCFA418DAB0}
		{0143170D-A6C5-4720-BACF-1FA6C8AEC7CB} = {9F4AF7B2-748D-4257-9AD5-6FCFA418DAB0}
		{2BBD321D-0F57-467A-9D1F-B983BB0A1C48} = {9F4AF7B2-748D-4257-9AD5-6FCFA418DAB0}
		{C0B1180C-0C40-42E3-89BF-8ACAB6129BE8} = {DEABD4F3-02CA-48F5-AC4D-EAD7D288487C}
		{1FA5E855-7A5F-4AEF-A67F-FBF0E43C842A} = {DEABD4F3-02CA-48F5-AC4D-EAD7D288487C}
		{696253CE-B3E3-4F67-8D41-ADD9C7760E71} = {DEABD4F3-02CA-48F5-AC4D-EAD7D288487C}
	EndGlobalSection
	GlobalSection(ExtensibilityGlobals) = postSolution
		SolutionGuid = {286C03E9-DD45-4225-B4CF-64C1440F0513}
	EndGlobalSection
EndGlobal
