
Microsoft Visual Studio Solution File, Format Version 12.00
# Visual Studio Version 17
VisualStudioVersion = 17.0.32126.317
MinimumVisualStudioVersion = 10.0.40219.1
Project("{2150E333-8FDC-42A3-9474-1A3956D46DE8}") = "src", "src", "{9F4AF7B2-748D-4257-9AD5-6FCFA418DAB0}"
EndProject
Project("{2150E333-8FDC-42A3-9474-1A3956D46DE8}") = "tests", "tests", "{DEABD4F3-02CA-48F5-AC4D-EAD7D288487C}"
EndProject
Project("{9A19103F-16F7-4668-BE54-9A1E7A4F7556}") = "Tutor.Core", "src\Tutor.Core\Tutor.Core.csproj", "{2280775A-7DE7-48B8-AEE9-1BAD0324072D}"
EndProject
Project("{9A19103F-16F7-4668-BE54-9A1E7A4F7556}") = "Tutor.Infrastructure", "src\Tutor.Infrastructure\Tutor.Infrastructure.csproj", "{0143170D-A6C5-4720-BACF-1FA6C8AEC7CB}"
EndProject
Project("{9A19103F-16F7-4668-BE54-9A1E7A4F7556}") = "Tutor.Web", "src\Tutor.Web\Tutor.Web.csproj", "{2BBD321D-0F57-467A-9D1F-B983BB0A1C48}"
EndProject
Project("{9A19103F-16F7-4668-BE54-9A1E7A4F7556}") = "Tutor.Web.Tests", "tests\Tutor.Web.Tests\Tutor.Web.Tests.csproj", "{C0B1180C-0C40-42E3-89BF-8ACAB6129BE8}"
EndProject
Project("{9A19103F-16F7-4668-BE54-9A1E7A4F7556}") = "Tutor.Core.Tests", "tests\Tutor.Core.Tests\Tutor.Core.Tests.csproj", "{1FA5E855-7A5F-4AEF-A67F-FBF0E43C842A}"
EndProject
Project("{9A19103F-16F7-4668-BE54-9A1E7A4F7556}") = "Tutor.Infrastructure.Tests", "tests\Tutor.Infrastructure.Tests\Tutor.Infrastructure.Tests.csproj", "{696253CE-B3E3-4F67-8D41-ADD9C7760E71}"
EndProject
Project("{2150E333-8FDC-42A3-9474-1A3956D46DE8}") = "BuildingBlocks", "BuildingBlocks", "{DF5AF956-C799-4542-9BFD-69F1705CE5F0}"
EndProject
Project("{2150E333-8FDC-42A3-9474-1A3956D46DE8}") = "Modules", "Modules", "{527F2EB3-AAC5-4D52-B127-DCDDFD775F09}"
EndProject
Project("{2150E333-8FDC-42A3-9474-1A3956D46DE8}") = "Stakeholders", "Stakeholders", "{D92BAEF5-5593-4C7F-8408-263B169994F9}"
EndProject
Project("{2150E333-8FDC-42A3-9474-1A3956D46DE8}") = "Courses", "Courses", "{3107A752-0596-4BC6-8600-5A759116B960}"
EndProject
Project("{2150E333-8FDC-42A3-9474-1A3956D46DE8}") = "KnowledgeComponents", "KnowledgeComponents", "{CA1AA663-E420-4A18-9594-DF99B5FA4547}"
EndProject
Project("{9A19103F-16F7-4668-BE54-9A1E7A4F7556}") = "Tutor.BuildingBlocks.Core", "src\BuildingBlocks\Tutor.BuildingBlocks.Core\Tutor.BuildingBlocks.Core.csproj", "{1BFB0F31-3C13-47F2-BF73-4EAD3EC90752}"
EndProject
Project("{9A19103F-16F7-4668-BE54-9A1E7A4F7556}") = "Tutor.BuildingBlocks.Infrastructure", "src\BuildingBlocks\Tutor.BuildingBlocks.Infrastructure\Tutor.BuildingBlocks.Infrastructure.csproj", "{E56D608D-14E3-407B-ABF6-26A491D96102}"
EndProject
Project("{2150E333-8FDC-42A3-9474-1A3956D46DE8}") = "LearningUtilities", "LearningUtilities", "{C7F26AD8-3168-480A-B888-9BE7077CD9F4}"
EndProject
Project("{9A19103F-16F7-4668-BE54-9A1E7A4F7556}") = "Tutor.Courses.API", "src\Modules\Courses\Tutor.Courses.API\Tutor.Courses.API.csproj", "{D7D307E6-C1BF-49FE-9EAA-1DC45C7DC56A}"
EndProject
Project("{9A19103F-16F7-4668-BE54-9A1E7A4F7556}") = "Tutor.Courses.Core", "src\Modules\Courses\Tutor.Courses.Core\Tutor.Courses.Core.csproj", "{23855D14-ABA4-4503-9CBF-D29E37CE5A28}"
EndProject
Project("{9A19103F-16F7-4668-BE54-9A1E7A4F7556}") = "Tutor.Courses.Infrastructure", "src\Modules\Courses\Tutor.Courses.Infrastructure\Tutor.Courses.Infrastructure.csproj", "{8F931815-E94F-426E-8B5F-CBCFC1713BF2}"
EndProject
Project("{9A19103F-16F7-4668-BE54-9A1E7A4F7556}") = "Tutor.Courses.Tests", "src\Modules\Courses\Tutor.Courses.Tests\Tutor.Courses.Tests.csproj", "{A7526721-A3E3-4CA9-802C-AEE70FCE07DF}"
EndProject
Project("{9A19103F-16F7-4668-BE54-9A1E7A4F7556}") = "Tutor.Stakeholders.API", "src\Modules\Stakeholders\Tutor.Stakeholders.API\Tutor.Stakeholders.API.csproj", "{1C66E36F-AA46-4B8F-B4C0-4976865A7D15}"
EndProject
Project("{9A19103F-16F7-4668-BE54-9A1E7A4F7556}") = "Tutor.Stakeholders.Core", "src\Modules\Stakeholders\Tutor.Stakeholders.Core\Tutor.Stakeholders.Core.csproj", "{782E89CB-8259-49F2-8303-9528B435F15C}"
EndProject
Project("{9A19103F-16F7-4668-BE54-9A1E7A4F7556}") = "Tutor.Stakeholders.Infrastructure", "src\Modules\Stakeholders\Tutor.Stakeholders.Infrastructure\Tutor.Stakeholders.Infrastructure.csproj", "{9F811A46-CAF4-4D9D-AB13-3EE815506D72}"
EndProject
Project("{9A19103F-16F7-4668-BE54-9A1E7A4F7556}") = "Tutor.Stakeholders.Tests", "src\Modules\Stakeholders\Tutor.Stakeholders.Tests\Tutor.Stakeholders.Tests.csproj", "{65928478-B411-4053-8538-45C6C1C228DD}"
EndProject
Project("{9A19103F-16F7-4668-BE54-9A1E7A4F7556}") = "Tutor.LearningUtils.API", "src\Modules\LearningUtilities\Tutor.LearningUtils.API\Tutor.LearningUtils.API.csproj", "{BFDF196E-774D-4030-9B62-1E7D3441FB0C}"
EndProject
Project("{9A19103F-16F7-4668-BE54-9A1E7A4F7556}") = "Tutor.LearningUtils.Core", "src\Modules\LearningUtilities\Tutor.LearningUtils.Core\Tutor.LearningUtils.Core.csproj", "{FD820D53-1384-4C1B-9A3F-34647CCB0AE2}"
EndProject
Project("{9A19103F-16F7-4668-BE54-9A1E7A4F7556}") = "Tutor.LearningUtils.Infrastructure", "src\Modules\LearningUtilities\Tutor.LearningUtils.Infrastructure\Tutor.LearningUtils.Infrastructure.csproj", "{FFA4EE02-890C-4593-8C89-2BCDC6F06998}"
EndProject
Project("{9A19103F-16F7-4668-BE54-9A1E7A4F7556}") = "Tutor.LearningUtils.Tests", "src\Modules\LearningUtilities\Tutor.LearningUtils.Tests\Tutor.LearningUtils.Tests.csproj", "{62747889-6CA6-45D8-8CA5-E16199CDACD4}"
EndProject
Project("{9A19103F-16F7-4668-BE54-9A1E7A4F7556}") = "Tutor.KnowledgeComponents.API", "src\Modules\KnowledgeComponents\Tutor.KnowledgeComponents.API\Tutor.KnowledgeComponents.API.csproj", "{B0D62F3B-5507-44B6-8B2F-10D64A91027C}"
EndProject
Project("{9A19103F-16F7-4668-BE54-9A1E7A4F7556}") = "Tutor.KnowledgeComponents.Core", "src\Modules\KnowledgeComponents\Tutor.KnowledgeComponents.Core\Tutor.KnowledgeComponents.Core.csproj", "{92C5FC32-E048-4E2A-8653-23AE57A25145}"
EndProject
Project("{9A19103F-16F7-4668-BE54-9A1E7A4F7556}") = "Tutor.KnowledgeComponents.Infrastructure", "src\Modules\KnowledgeComponents\Tutor.KnowledgeComponents.Infrastructure\Tutor.KnowledgeComponents.Infrastructure.csproj", "{56B817E8-4E77-4AF6-913C-E89DEB749B0B}"
EndProject
Project("{9A19103F-16F7-4668-BE54-9A1E7A4F7556}") = "Tutor.KnowledgeComponents.Tests", "src\Modules\KnowledgeComponents\Tutor.KnowledgeComponents.Tests\Tutor.KnowledgeComponents.Tests.csproj", "{1DF4DF9C-D14B-4C9A-81B7-06E61C537C87}"
EndProject
Project("{9A19103F-16F7-4668-BE54-9A1E7A4F7556}") = "Tutor.API", "src\Tutor.API\Tutor.API.csproj", "{11DB03BC-E62B-41E2-8472-CF1EF357B78C}"
EndProject
Project("{FAE04EC0-301F-11D3-BF4B-00C04F79EFBC}") = "Tutor.BuildingBlocks.Tests", "src\BuildingBlocks\Tutor.BuildingBlocks.Tests\Tutor.BuildingBlocks.Tests.csproj", "{8AA394AF-EEEC-4D43-BBC3-2076DF8ED89B}"
EndProject
Global
	GlobalSection(SolutionConfigurationPlatforms) = preSolution
		Debug|Any CPU = Debug|Any CPU
		Release|Any CPU = Release|Any CPU
	EndGlobalSection
	GlobalSection(ProjectConfigurationPlatforms) = postSolution
		{2280775A-7DE7-48B8-AEE9-1BAD0324072D}.Debug|Any CPU.ActiveCfg = Debug|Any CPU
		{2280775A-7DE7-48B8-AEE9-1BAD0324072D}.Debug|Any CPU.Build.0 = Debug|Any CPU
		{2280775A-7DE7-48B8-AEE9-1BAD0324072D}.Release|Any CPU.ActiveCfg = Release|Any CPU
		{2280775A-7DE7-48B8-AEE9-1BAD0324072D}.Release|Any CPU.Build.0 = Release|Any CPU
		{0143170D-A6C5-4720-BACF-1FA6C8AEC7CB}.Debug|Any CPU.ActiveCfg = Debug|Any CPU
		{0143170D-A6C5-4720-BACF-1FA6C8AEC7CB}.Debug|Any CPU.Build.0 = Debug|Any CPU
		{0143170D-A6C5-4720-BACF-1FA6C8AEC7CB}.Release|Any CPU.ActiveCfg = Release|Any CPU
		{0143170D-A6C5-4720-BACF-1FA6C8AEC7CB}.Release|Any CPU.Build.0 = Release|Any CPU
		{2BBD321D-0F57-467A-9D1F-B983BB0A1C48}.Debug|Any CPU.ActiveCfg = Debug|Any CPU
		{2BBD321D-0F57-467A-9D1F-B983BB0A1C48}.Debug|Any CPU.Build.0 = Debug|Any CPU
		{2BBD321D-0F57-467A-9D1F-B983BB0A1C48}.Release|Any CPU.ActiveCfg = Release|Any CPU
		{2BBD321D-0F57-467A-9D1F-B983BB0A1C48}.Release|Any CPU.Build.0 = Release|Any CPU
		{C0B1180C-0C40-42E3-89BF-8ACAB6129BE8}.Debug|Any CPU.ActiveCfg = Debug|Any CPU
		{C0B1180C-0C40-42E3-89BF-8ACAB6129BE8}.Debug|Any CPU.Build.0 = Debug|Any CPU
		{C0B1180C-0C40-42E3-89BF-8ACAB6129BE8}.Release|Any CPU.ActiveCfg = Release|Any CPU
		{C0B1180C-0C40-42E3-89BF-8ACAB6129BE8}.Release|Any CPU.Build.0 = Release|Any CPU
		{1FA5E855-7A5F-4AEF-A67F-FBF0E43C842A}.Debug|Any CPU.ActiveCfg = Debug|Any CPU
		{1FA5E855-7A5F-4AEF-A67F-FBF0E43C842A}.Debug|Any CPU.Build.0 = Debug|Any CPU
		{1FA5E855-7A5F-4AEF-A67F-FBF0E43C842A}.Release|Any CPU.ActiveCfg = Release|Any CPU
		{1FA5E855-7A5F-4AEF-A67F-FBF0E43C842A}.Release|Any CPU.Build.0 = Release|Any CPU
		{696253CE-B3E3-4F67-8D41-ADD9C7760E71}.Debug|Any CPU.ActiveCfg = Debug|Any CPU
		{696253CE-B3E3-4F67-8D41-ADD9C7760E71}.Debug|Any CPU.Build.0 = Debug|Any CPU
		{696253CE-B3E3-4F67-8D41-ADD9C7760E71}.Release|Any CPU.ActiveCfg = Release|Any CPU
		{696253CE-B3E3-4F67-8D41-ADD9C7760E71}.Release|Any CPU.Build.0 = Release|Any CPU
		{1BFB0F31-3C13-47F2-BF73-4EAD3EC90752}.Debug|Any CPU.ActiveCfg = Debug|Any CPU
		{1BFB0F31-3C13-47F2-BF73-4EAD3EC90752}.Debug|Any CPU.Build.0 = Debug|Any CPU
		{1BFB0F31-3C13-47F2-BF73-4EAD3EC90752}.Release|Any CPU.ActiveCfg = Release|Any CPU
		{1BFB0F31-3C13-47F2-BF73-4EAD3EC90752}.Release|Any CPU.Build.0 = Release|Any CPU
		{E56D608D-14E3-407B-ABF6-26A491D96102}.Debug|Any CPU.ActiveCfg = Debug|Any CPU
		{E56D608D-14E3-407B-ABF6-26A491D96102}.Debug|Any CPU.Build.0 = Debug|Any CPU
		{E56D608D-14E3-407B-ABF6-26A491D96102}.Release|Any CPU.ActiveCfg = Release|Any CPU
		{E56D608D-14E3-407B-ABF6-26A491D96102}.Release|Any CPU.Build.0 = Release|Any CPU
		{D7D307E6-C1BF-49FE-9EAA-1DC45C7DC56A}.Debug|Any CPU.ActiveCfg = Debug|Any CPU
		{D7D307E6-C1BF-49FE-9EAA-1DC45C7DC56A}.Debug|Any CPU.Build.0 = Debug|Any CPU
		{D7D307E6-C1BF-49FE-9EAA-1DC45C7DC56A}.Release|Any CPU.ActiveCfg = Release|Any CPU
		{D7D307E6-C1BF-49FE-9EAA-1DC45C7DC56A}.Release|Any CPU.Build.0 = Release|Any CPU
		{23855D14-ABA4-4503-9CBF-D29E37CE5A28}.Debug|Any CPU.ActiveCfg = Debug|Any CPU
		{23855D14-ABA4-4503-9CBF-D29E37CE5A28}.Debug|Any CPU.Build.0 = Debug|Any CPU
		{23855D14-ABA4-4503-9CBF-D29E37CE5A28}.Release|Any CPU.ActiveCfg = Release|Any CPU
		{23855D14-ABA4-4503-9CBF-D29E37CE5A28}.Release|Any CPU.Build.0 = Release|Any CPU
		{8F931815-E94F-426E-8B5F-CBCFC1713BF2}.Debug|Any CPU.ActiveCfg = Debug|Any CPU
		{8F931815-E94F-426E-8B5F-CBCFC1713BF2}.Debug|Any CPU.Build.0 = Debug|Any CPU
		{8F931815-E94F-426E-8B5F-CBCFC1713BF2}.Release|Any CPU.ActiveCfg = Release|Any CPU
		{8F931815-E94F-426E-8B5F-CBCFC1713BF2}.Release|Any CPU.Build.0 = Release|Any CPU
		{A7526721-A3E3-4CA9-802C-AEE70FCE07DF}.Debug|Any CPU.ActiveCfg = Debug|Any CPU
		{A7526721-A3E3-4CA9-802C-AEE70FCE07DF}.Debug|Any CPU.Build.0 = Debug|Any CPU
		{A7526721-A3E3-4CA9-802C-AEE70FCE07DF}.Release|Any CPU.ActiveCfg = Release|Any CPU
		{A7526721-A3E3-4CA9-802C-AEE70FCE07DF}.Release|Any CPU.Build.0 = Release|Any CPU
		{1C66E36F-AA46-4B8F-B4C0-4976865A7D15}.Debug|Any CPU.ActiveCfg = Debug|Any CPU
		{1C66E36F-AA46-4B8F-B4C0-4976865A7D15}.Debug|Any CPU.Build.0 = Debug|Any CPU
		{1C66E36F-AA46-4B8F-B4C0-4976865A7D15}.Release|Any CPU.ActiveCfg = Release|Any CPU
		{1C66E36F-AA46-4B8F-B4C0-4976865A7D15}.Release|Any CPU.Build.0 = Release|Any CPU
		{782E89CB-8259-49F2-8303-9528B435F15C}.Debug|Any CPU.ActiveCfg = Debug|Any CPU
		{782E89CB-8259-49F2-8303-9528B435F15C}.Debug|Any CPU.Build.0 = Debug|Any CPU
		{782E89CB-8259-49F2-8303-9528B435F15C}.Release|Any CPU.ActiveCfg = Release|Any CPU
		{782E89CB-8259-49F2-8303-9528B435F15C}.Release|Any CPU.Build.0 = Release|Any CPU
		{9F811A46-CAF4-4D9D-AB13-3EE815506D72}.Debug|Any CPU.ActiveCfg = Debug|Any CPU
		{9F811A46-CAF4-4D9D-AB13-3EE815506D72}.Debug|Any CPU.Build.0 = Debug|Any CPU
		{9F811A46-CAF4-4D9D-AB13-3EE815506D72}.Release|Any CPU.ActiveCfg = Release|Any CPU
		{9F811A46-CAF4-4D9D-AB13-3EE815506D72}.Release|Any CPU.Build.0 = Release|Any CPU
		{65928478-B411-4053-8538-45C6C1C228DD}.Debug|Any CPU.ActiveCfg = Debug|Any CPU
		{65928478-B411-4053-8538-45C6C1C228DD}.Debug|Any CPU.Build.0 = Debug|Any CPU
		{65928478-B411-4053-8538-45C6C1C228DD}.Release|Any CPU.ActiveCfg = Release|Any CPU
		{65928478-B411-4053-8538-45C6C1C228DD}.Release|Any CPU.Build.0 = Release|Any CPU
		{BFDF196E-774D-4030-9B62-1E7D3441FB0C}.Debug|Any CPU.ActiveCfg = Debug|Any CPU
		{BFDF196E-774D-4030-9B62-1E7D3441FB0C}.Debug|Any CPU.Build.0 = Debug|Any CPU
		{BFDF196E-774D-4030-9B62-1E7D3441FB0C}.Release|Any CPU.ActiveCfg = Release|Any CPU
		{BFDF196E-774D-4030-9B62-1E7D3441FB0C}.Release|Any CPU.Build.0 = Release|Any CPU
		{FD820D53-1384-4C1B-9A3F-34647CCB0AE2}.Debug|Any CPU.ActiveCfg = Debug|Any CPU
		{FD820D53-1384-4C1B-9A3F-34647CCB0AE2}.Debug|Any CPU.Build.0 = Debug|Any CPU
		{FD820D53-1384-4C1B-9A3F-34647CCB0AE2}.Release|Any CPU.ActiveCfg = Release|Any CPU
		{FD820D53-1384-4C1B-9A3F-34647CCB0AE2}.Release|Any CPU.Build.0 = Release|Any CPU
		{FFA4EE02-890C-4593-8C89-2BCDC6F06998}.Debug|Any CPU.ActiveCfg = Debug|Any CPU
		{FFA4EE02-890C-4593-8C89-2BCDC6F06998}.Debug|Any CPU.Build.0 = Debug|Any CPU
		{FFA4EE02-890C-4593-8C89-2BCDC6F06998}.Release|Any CPU.ActiveCfg = Release|Any CPU
		{FFA4EE02-890C-4593-8C89-2BCDC6F06998}.Release|Any CPU.Build.0 = Release|Any CPU
		{62747889-6CA6-45D8-8CA5-E16199CDACD4}.Debug|Any CPU.ActiveCfg = Debug|Any CPU
		{62747889-6CA6-45D8-8CA5-E16199CDACD4}.Debug|Any CPU.Build.0 = Debug|Any CPU
		{62747889-6CA6-45D8-8CA5-E16199CDACD4}.Release|Any CPU.ActiveCfg = Release|Any CPU
		{62747889-6CA6-45D8-8CA5-E16199CDACD4}.Release|Any CPU.Build.0 = Release|Any CPU
		{B0D62F3B-5507-44B6-8B2F-10D64A91027C}.Debug|Any CPU.ActiveCfg = Debug|Any CPU
		{B0D62F3B-5507-44B6-8B2F-10D64A91027C}.Debug|Any CPU.Build.0 = Debug|Any CPU
		{B0D62F3B-5507-44B6-8B2F-10D64A91027C}.Release|Any CPU.ActiveCfg = Release|Any CPU
		{B0D62F3B-5507-44B6-8B2F-10D64A91027C}.Release|Any CPU.Build.0 = Release|Any CPU
		{92C5FC32-E048-4E2A-8653-23AE57A25145}.Debug|Any CPU.ActiveCfg = Debug|Any CPU
		{92C5FC32-E048-4E2A-8653-23AE57A25145}.Debug|Any CPU.Build.0 = Debug|Any CPU
		{92C5FC32-E048-4E2A-8653-23AE57A25145}.Release|Any CPU.ActiveCfg = Release|Any CPU
		{92C5FC32-E048-4E2A-8653-23AE57A25145}.Release|Any CPU.Build.0 = Release|Any CPU
		{56B817E8-4E77-4AF6-913C-E89DEB749B0B}.Debug|Any CPU.ActiveCfg = Debug|Any CPU
		{56B817E8-4E77-4AF6-913C-E89DEB749B0B}.Debug|Any CPU.Build.0 = Debug|Any CPU
		{56B817E8-4E77-4AF6-913C-E89DEB749B0B}.Release|Any CPU.ActiveCfg = Release|Any CPU
		{56B817E8-4E77-4AF6-913C-E89DEB749B0B}.Release|Any CPU.Build.0 = Release|Any CPU
		{1DF4DF9C-D14B-4C9A-81B7-06E61C537C87}.Debug|Any CPU.ActiveCfg = Debug|Any CPU
		{1DF4DF9C-D14B-4C9A-81B7-06E61C537C87}.Debug|Any CPU.Build.0 = Debug|Any CPU
		{1DF4DF9C-D14B-4C9A-81B7-06E61C537C87}.Release|Any CPU.ActiveCfg = Release|Any CPU
		{1DF4DF9C-D14B-4C9A-81B7-06E61C537C87}.Release|Any CPU.Build.0 = Release|Any CPU
		{11DB03BC-E62B-41E2-8472-CF1EF357B78C}.Debug|Any CPU.ActiveCfg = Debug|Any CPU
		{11DB03BC-E62B-41E2-8472-CF1EF357B78C}.Debug|Any CPU.Build.0 = Debug|Any CPU
		{11DB03BC-E62B-41E2-8472-CF1EF357B78C}.Release|Any CPU.ActiveCfg = Release|Any CPU
		{11DB03BC-E62B-41E2-8472-CF1EF357B78C}.Release|Any CPU.Build.0 = Release|Any CPU
		{8AA394AF-EEEC-4D43-BBC3-2076DF8ED89B}.Debug|Any CPU.ActiveCfg = Debug|Any CPU
		{8AA394AF-EEEC-4D43-BBC3-2076DF8ED89B}.Debug|Any CPU.Build.0 = Debug|Any CPU
		{8AA394AF-EEEC-4D43-BBC3-2076DF8ED89B}.Release|Any CPU.ActiveCfg = Release|Any CPU
		{8AA394AF-EEEC-4D43-BBC3-2076DF8ED89B}.Release|Any CPU.Build.0 = Release|Any CPU
	EndGlobalSection
	GlobalSection(SolutionProperties) = preSolution
		HideSolutionNode = FALSE
	EndGlobalSection
	GlobalSection(NestedProjects) = preSolution
		{2280775A-7DE7-48B8-AEE9-1BAD0324072D} = {9F4AF7B2-748D-4257-9AD5-6FCFA418DAB0}
		{0143170D-A6C5-4720-BACF-1FA6C8AEC7CB} = {9F4AF7B2-748D-4257-9AD5-6FCFA418DAB0}
		{2BBD321D-0F57-467A-9D1F-B983BB0A1C48} = {9F4AF7B2-748D-4257-9AD5-6FCFA418DAB0}
		{C0B1180C-0C40-42E3-89BF-8ACAB6129BE8} = {DEABD4F3-02CA-48F5-AC4D-EAD7D288487C}
		{1FA5E855-7A5F-4AEF-A67F-FBF0E43C842A} = {DEABD4F3-02CA-48F5-AC4D-EAD7D288487C}
		{696253CE-B3E3-4F67-8D41-ADD9C7760E71} = {DEABD4F3-02CA-48F5-AC4D-EAD7D288487C}
		{DF5AF956-C799-4542-9BFD-69F1705CE5F0} = {9F4AF7B2-748D-4257-9AD5-6FCFA418DAB0}
		{527F2EB3-AAC5-4D52-B127-DCDDFD775F09} = {9F4AF7B2-748D-4257-9AD5-6FCFA418DAB0}
		{D92BAEF5-5593-4C7F-8408-263B169994F9} = {527F2EB3-AAC5-4D52-B127-DCDDFD775F09}
		{3107A752-0596-4BC6-8600-5A759116B960} = {527F2EB3-AAC5-4D52-B127-DCDDFD775F09}
		{CA1AA663-E420-4A18-9594-DF99B5FA4547} = {527F2EB3-AAC5-4D52-B127-DCDDFD775F09}
		{1BFB0F31-3C13-47F2-BF73-4EAD3EC90752} = {DF5AF956-C799-4542-9BFD-69F1705CE5F0}
		{E56D608D-14E3-407B-ABF6-26A491D96102} = {DF5AF956-C799-4542-9BFD-69F1705CE5F0}
		{C7F26AD8-3168-480A-B888-9BE7077CD9F4} = {527F2EB3-AAC5-4D52-B127-DCDDFD775F09}
		{D7D307E6-C1BF-49FE-9EAA-1DC45C7DC56A} = {3107A752-0596-4BC6-8600-5A759116B960}
		{23855D14-ABA4-4503-9CBF-D29E37CE5A28} = {3107A752-0596-4BC6-8600-5A759116B960}
		{8F931815-E94F-426E-8B5F-CBCFC1713BF2} = {3107A752-0596-4BC6-8600-5A759116B960}
		{A7526721-A3E3-4CA9-802C-AEE70FCE07DF} = {3107A752-0596-4BC6-8600-5A759116B960}
		{1C66E36F-AA46-4B8F-B4C0-4976865A7D15} = {D92BAEF5-5593-4C7F-8408-263B169994F9}
		{782E89CB-8259-49F2-8303-9528B435F15C} = {D92BAEF5-5593-4C7F-8408-263B169994F9}
		{9F811A46-CAF4-4D9D-AB13-3EE815506D72} = {D92BAEF5-5593-4C7F-8408-263B169994F9}
		{65928478-B411-4053-8538-45C6C1C228DD} = {D92BAEF5-5593-4C7F-8408-263B169994F9}
		{BFDF196E-774D-4030-9B62-1E7D3441FB0C} = {C7F26AD8-3168-480A-B888-9BE7077CD9F4}
		{FD820D53-1384-4C1B-9A3F-34647CCB0AE2} = {C7F26AD8-3168-480A-B888-9BE7077CD9F4}
		{FFA4EE02-890C-4593-8C89-2BCDC6F06998} = {C7F26AD8-3168-480A-B888-9BE7077CD9F4}
		{62747889-6CA6-45D8-8CA5-E16199CDACD4} = {C7F26AD8-3168-480A-B888-9BE7077CD9F4}
		{B0D62F3B-5507-44B6-8B2F-10D64A91027C} = {CA1AA663-E420-4A18-9594-DF99B5FA4547}
		{92C5FC32-E048-4E2A-8653-23AE57A25145} = {CA1AA663-E420-4A18-9594-DF99B5FA4547}
		{56B817E8-4E77-4AF6-913C-E89DEB749B0B} = {CA1AA663-E420-4A18-9594-DF99B5FA4547}
		{1DF4DF9C-D14B-4C9A-81B7-06E61C537C87} = {CA1AA663-E420-4A18-9594-DF99B5FA4547}
		{11DB03BC-E62B-41E2-8472-CF1EF357B78C} = {9F4AF7B2-748D-4257-9AD5-6FCFA418DAB0}
		{8AA394AF-EEEC-4D43-BBC3-2076DF8ED89B} = {DF5AF956-C799-4542-9BFD-69F1705CE5F0}
	EndGlobalSection
	GlobalSection(ExtensibilityGlobals) = postSolution
		SolutionGuid = {286C03E9-DD45-4225-B4CF-64C1440F0513}
	EndGlobalSection
EndGlobal
